
Microsoft Visual Studio Solution File, Format Version 12.00
# Visual Studio Version 16
VisualStudioVersion = 16.0.33214.272
MinimumVisualStudioVersion = 10.0.40219.1
Project("{FAE04EC0-301F-11D3-BF4B-00C04F79EFBC}") = "bank1", "bank1\bank1.csproj", "{E5C42067-1AA8-4C87-96EB-2337FFDC7C09}"
EndProject
Global
	GlobalSection(SolutionConfigurationPlatforms) = preSolution
		Debug|Any CPU = Debug|Any CPU
		Release|Any CPU = Release|Any CPU
	EndGlobalSection
	GlobalSection(ProjectConfigurationPlatforms) = postSolution
		{E5C42067-1AA8-4C87-96EB-2337FFDC7C09}.Debug|Any CPU.ActiveCfg = Debug|Any CPU
		{E5C42067-1AA8-4C87-96EB-2337FFDC7C09}.Debug|Any CPU.Build.0 = Debug|Any CPU
		{E5C42067-1AA8-4C87-96EB-2337FFDC7C09}.Release|Any CPU.ActiveCfg = Release|Any CPU
		{E5C42067-1AA8-4C87-96EB-2337FFDC7C09}.Release|Any CPU.Build.0 = Release|Any CPU
	EndGlobalSection
	GlobalSection(SolutionProperties) = preSolution
		HideSolutionNode = FALSE
	EndGlobalSection
	GlobalSection(ExtensibilityGlobals) = postSolution
		SolutionGuid = {50091EF9-1115-4201-B5D6-1D72EC353DB4}
	EndGlobalSection
EndGlobal
